
Microsoft Visual Studio Solution File, Format Version 12.00
# Visual Studio Version 17
VisualStudioVersion = 17.9.34728.123
MinimumVisualStudioVersion = 10.0.40219.1
Project("{FAE04EC0-301F-11D3-BF4B-00C04F79EFBC}") = "1 Laços de Repetição - Exercício 03", "1 Laços de Repetição - Exercício 03.csproj", "{F1ED1B31-0F27-49FF-9C73-4571083FA344}"
EndProject
Global
	GlobalSection(SolutionConfigurationPlatforms) = preSolution
		Debug|Any CPU = Debug|Any CPU
		Release|Any CPU = Release|Any CPU
	EndGlobalSection
	GlobalSection(ProjectConfigurationPlatforms) = postSolution
		{F1ED1B31-0F27-49FF-9C73-4571083FA344}.Debug|Any CPU.ActiveCfg = Debug|Any CPU
		{F1ED1B31-0F27-49FF-9C73-4571083FA344}.Debug|Any CPU.Build.0 = Debug|Any CPU
		{F1ED1B31-0F27-49FF-9C73-4571083FA344}.Release|Any CPU.ActiveCfg = Release|Any CPU
		{F1ED1B31-0F27-49FF-9C73-4571083FA344}.Release|Any CPU.Build.0 = Release|Any CPU
	EndGlobalSection
	GlobalSection(SolutionProperties) = preSolution
		HideSolutionNode = FALSE
	EndGlobalSection
	GlobalSection(ExtensibilityGlobals) = postSolution
		SolutionGuid = {150BFDC5-6A20-44E5-B99E-4E7FB19881CA}
	EndGlobalSection
EndGlobal
