
Microsoft Visual Studio Solution File, Format Version 12.00
# Visual Studio Version 17
VisualStudioVersion = 17.9.34728.123
MinimumVisualStudioVersion = 10.0.40219.1
Project("{FAE04EC0-301F-11D3-BF4B-00C04F79EFBC}") = "1 Laços de Repetição - Exercício 05", "1 Laços de Repetição - Exercício 05.csproj", "{557BE359-7ACC-4321-87AF-58D2D9BF743E}"
EndProject
Global
	GlobalSection(SolutionConfigurationPlatforms) = preSolution
		Debug|Any CPU = Debug|Any CPU
		Release|Any CPU = Release|Any CPU
	EndGlobalSection
	GlobalSection(ProjectConfigurationPlatforms) = postSolution
		{557BE359-7ACC-4321-87AF-58D2D9BF743E}.Debug|Any CPU.ActiveCfg = Debug|Any CPU
		{557BE359-7ACC-4321-87AF-58D2D9BF743E}.Debug|Any CPU.Build.0 = Debug|Any CPU
		{557BE359-7ACC-4321-87AF-58D2D9BF743E}.Release|Any CPU.ActiveCfg = Release|Any CPU
		{557BE359-7ACC-4321-87AF-58D2D9BF743E}.Release|Any CPU.Build.0 = Release|Any CPU
	EndGlobalSection
	GlobalSection(SolutionProperties) = preSolution
		HideSolutionNode = FALSE
	EndGlobalSection
	GlobalSection(ExtensibilityGlobals) = postSolution
		SolutionGuid = {E3E454BD-A749-4B48-AA6C-7624D38B7815}
	EndGlobalSection
EndGlobal
