
Microsoft Visual Studio Solution File, Format Version 12.00
# Visual Studio Version 17
VisualStudioVersion = 17.9.34728.123
MinimumVisualStudioVersion = 10.0.40219.1
Project("{FAE04EC0-301F-11D3-BF4B-00C04F79EFBC}") = "2 Laços de Repetição - Exercício 08", "2 Laços de Repetição - Exercício 08.csproj", "{5D38BA07-70DE-416F-BF02-2E4E27905A4D}"
EndProject
Global
	GlobalSection(SolutionConfigurationPlatforms) = preSolution
		Debug|Any CPU = Debug|Any CPU
		Release|Any CPU = Release|Any CPU
	EndGlobalSection
	GlobalSection(ProjectConfigurationPlatforms) = postSolution
		{5D38BA07-70DE-416F-BF02-2E4E27905A4D}.Debug|Any CPU.ActiveCfg = Debug|Any CPU
		{5D38BA07-70DE-416F-BF02-2E4E27905A4D}.Debug|Any CPU.Build.0 = Debug|Any CPU
		{5D38BA07-70DE-416F-BF02-2E4E27905A4D}.Release|Any CPU.ActiveCfg = Release|Any CPU
		{5D38BA07-70DE-416F-BF02-2E4E27905A4D}.Release|Any CPU.Build.0 = Release|Any CPU
	EndGlobalSection
	GlobalSection(SolutionProperties) = preSolution
		HideSolutionNode = FALSE
	EndGlobalSection
	GlobalSection(ExtensibilityGlobals) = postSolution
		SolutionGuid = {93C45CB5-CFC2-447B-9D7E-9B5280780980}
	EndGlobalSection
EndGlobal
