
Microsoft Visual Studio Solution File, Format Version 12.00
# Visual Studio Version 17
VisualStudioVersion = 17.11.35312.102
MinimumVisualStudioVersion = 10.0.40219.1
Project("{FAE04EC0-301F-11D3-BF4B-00C04F79EFBC}") = "Atividade Avaliativa - Matrizes e Vetores", "Atividade Avaliativa - Matrizes e Vetores.csproj", "{7CA4DC49-51C5-4D46-97F4-391FC5FAE7F5}"
EndProject
Global
	GlobalSection(SolutionConfigurationPlatforms) = preSolution
		Debug|Any CPU = Debug|Any CPU
		Release|Any CPU = Release|Any CPU
	EndGlobalSection
	GlobalSection(ProjectConfigurationPlatforms) = postSolution
		{7CA4DC49-51C5-4D46-97F4-391FC5FAE7F5}.Debug|Any CPU.ActiveCfg = Debug|Any CPU
		{7CA4DC49-51C5-4D46-97F4-391FC5FAE7F5}.Debug|Any CPU.Build.0 = Debug|Any CPU
		{7CA4DC49-51C5-4D46-97F4-391FC5FAE7F5}.Release|Any CPU.ActiveCfg = Release|Any CPU
		{7CA4DC49-51C5-4D46-97F4-391FC5FAE7F5}.Release|Any CPU.Build.0 = Release|Any CPU
	EndGlobalSection
	GlobalSection(SolutionProperties) = preSolution
		HideSolutionNode = FALSE
	EndGlobalSection
	GlobalSection(ExtensibilityGlobals) = postSolution
		SolutionGuid = {5D4C6A49-F636-4C7C-BE16-36CEC981C84C}
	EndGlobalSection
EndGlobal
