
Microsoft Visual Studio Solution File, Format Version 12.00
# Visual Studio Version 17
VisualStudioVersion = 17.11.35312.102
MinimumVisualStudioVersion = 10.0.40219.1
Project("{FAE04EC0-301F-11D3-BF4B-00C04F79EFBC}") = "LambdaExercises", "LambdaExercises.csproj", "{D2F3CDDC-4B11-480F-805B-3D7A03F9E097}"
EndProject
Global
	GlobalSection(SolutionConfigurationPlatforms) = preSolution
		Debug|Any CPU = Debug|Any CPU
		Release|Any CPU = Release|Any CPU
	EndGlobalSection
	GlobalSection(ProjectConfigurationPlatforms) = postSolution
		{D2F3CDDC-4B11-480F-805B-3D7A03F9E097}.Debug|Any CPU.ActiveCfg = Debug|Any CPU
		{D2F3CDDC-4B11-480F-805B-3D7A03F9E097}.Debug|Any CPU.Build.0 = Debug|Any CPU
		{D2F3CDDC-4B11-480F-805B-3D7A03F9E097}.Release|Any CPU.ActiveCfg = Release|Any CPU
		{D2F3CDDC-4B11-480F-805B-3D7A03F9E097}.Release|Any CPU.Build.0 = Release|Any CPU
	EndGlobalSection
	GlobalSection(SolutionProperties) = preSolution
		HideSolutionNode = FALSE
	EndGlobalSection
	GlobalSection(ExtensibilityGlobals) = postSolution
		SolutionGuid = {777050A4-79A7-4519-8F28-F5399D896746}
	EndGlobalSection
EndGlobal
